
Microsoft Visual Studio Solution File, Format Version 12.00
# Visual Studio Version 17
VisualStudioVersion = 17.1.32228.430
MinimumVisualStudioVersion = 10.0.40219.1
Project("{FAE04EC0-301F-11D3-BF4B-00C04F79EFBC}") = "Web", "Web\Web.csproj", "{1C69979F-53C1-4567-9C0C-009F3447D0AE}"
EndProject
Project("{FAE04EC0-301F-11D3-BF4B-00C04F79EFBC}") = "CSharp", "CSharp\CSharp.csproj", "{84EFB0C4-4C5D-4D4D-B2B8-9F8A8D20A23B}"
EndProject
Project("{FAE04EC0-301F-11D3-BF4B-00C04F79EFBC}") = "00Northwind", "00Northwind\00Northwind.csproj", "{A0601A72-B495-4249-BC67-307C654200CE}"
EndProject
Project("{FAE04EC0-301F-11D3-BF4B-00C04F79EFBC}") = "01Controller", "01Controller\01Controller.csproj", "{FEF96AF9-AC3E-40C1-A8BA-21225868AA33}"
EndProject
Project("{FAE04EC0-301F-11D3-BF4B-00C04F79EFBC}") = "02View", "02View\02View.csproj", "{A929F65B-46FE-4A4E-B586-F48ED427E19C}"
EndProject
Project("{FAE04EC0-301F-11D3-BF4B-00C04F79EFBC}") = "03Model", "03Model\03Model.csproj", "{2CDCDAF9-1B80-4D46-951E-21AF104E502F}"
EndProject
Project("{FAE04EC0-301F-11D3-BF4B-00C04F79EFBC}") = "04ViewModel", "04ViewModel\04ViewModel.csproj", "{C2F2B77D-C1AB-4F90-A5F3-6D058617CF2E}"
EndProject
Project("{FAE04EC0-301F-11D3-BF4B-00C04F79EFBC}") = "05CustomValidator", "05CustomValidator\05CustomValidator.csproj", "{2D6EC9B2-E3A8-4DCB-BEE9-9C1C91D8B736}"
EndProject
Project("{FAE04EC0-301F-11D3-BF4B-00C04F79EFBC}") = "RWD", "RWD\RWD.csproj", "{DA0D0087-FEFB-4E65-A901-8FB597FC86A0}"
EndProject
Project("{FAE04EC0-301F-11D3-BF4B-00C04F79EFBC}") = "06WebAPI", "06WebAPI\06WebAPI.csproj", "{DADC3184-9472-4F3F-8DF0-FA0C930D5643}"
EndProject
Project("{FAE04EC0-301F-11D3-BF4B-00C04F79EFBC}") = "WinFormAPP", "WinFormAPP\WinFormAPP.csproj", "{F2695F2F-2648-4212-9592-3D13B31292E7}"
EndProject
Global
	GlobalSection(SolutionConfigurationPlatforms) = preSolution
		Debug|Any CPU = Debug|Any CPU
		Release|Any CPU = Release|Any CPU
	EndGlobalSection
	GlobalSection(ProjectConfigurationPlatforms) = postSolution
		{1C69979F-53C1-4567-9C0C-009F3447D0AE}.Debug|Any CPU.ActiveCfg = Debug|Any CPU
		{1C69979F-53C1-4567-9C0C-009F3447D0AE}.Debug|Any CPU.Build.0 = Debug|Any CPU
		{1C69979F-53C1-4567-9C0C-009F3447D0AE}.Release|Any CPU.ActiveCfg = Release|Any CPU
		{1C69979F-53C1-4567-9C0C-009F3447D0AE}.Release|Any CPU.Build.0 = Release|Any CPU
		{84EFB0C4-4C5D-4D4D-B2B8-9F8A8D20A23B}.Debug|Any CPU.ActiveCfg = Debug|Any CPU
		{84EFB0C4-4C5D-4D4D-B2B8-9F8A8D20A23B}.Debug|Any CPU.Build.0 = Debug|Any CPU
		{84EFB0C4-4C5D-4D4D-B2B8-9F8A8D20A23B}.Release|Any CPU.ActiveCfg = Release|Any CPU
		{84EFB0C4-4C5D-4D4D-B2B8-9F8A8D20A23B}.Release|Any CPU.Build.0 = Release|Any CPU
		{A0601A72-B495-4249-BC67-307C654200CE}.Debug|Any CPU.ActiveCfg = Debug|Any CPU
		{A0601A72-B495-4249-BC67-307C654200CE}.Debug|Any CPU.Build.0 = Debug|Any CPU
		{A0601A72-B495-4249-BC67-307C654200CE}.Release|Any CPU.ActiveCfg = Release|Any CPU
		{A0601A72-B495-4249-BC67-307C654200CE}.Release|Any CPU.Build.0 = Release|Any CPU
		{FEF96AF9-AC3E-40C1-A8BA-21225868AA33}.Debug|Any CPU.ActiveCfg = Debug|Any CPU
		{FEF96AF9-AC3E-40C1-A8BA-21225868AA33}.Debug|Any CPU.Build.0 = Debug|Any CPU
		{FEF96AF9-AC3E-40C1-A8BA-21225868AA33}.Release|Any CPU.ActiveCfg = Release|Any CPU
		{FEF96AF9-AC3E-40C1-A8BA-21225868AA33}.Release|Any CPU.Build.0 = Release|Any CPU
		{A929F65B-46FE-4A4E-B586-F48ED427E19C}.Debug|Any CPU.ActiveCfg = Debug|Any CPU
		{A929F65B-46FE-4A4E-B586-F48ED427E19C}.Debug|Any CPU.Build.0 = Debug|Any CPU
		{A929F65B-46FE-4A4E-B586-F48ED427E19C}.Release|Any CPU.ActiveCfg = Release|Any CPU
		{A929F65B-46FE-4A4E-B586-F48ED427E19C}.Release|Any CPU.Build.0 = Release|Any CPU
		{2CDCDAF9-1B80-4D46-951E-21AF104E502F}.Debug|Any CPU.ActiveCfg = Debug|Any CPU
		{2CDCDAF9-1B80-4D46-951E-21AF104E502F}.Debug|Any CPU.Build.0 = Debug|Any CPU
		{2CDCDAF9-1B80-4D46-951E-21AF104E502F}.Release|Any CPU.ActiveCfg = Release|Any CPU
		{2CDCDAF9-1B80-4D46-951E-21AF104E502F}.Release|Any CPU.Build.0 = Release|Any CPU
		{C2F2B77D-C1AB-4F90-A5F3-6D058617CF2E}.Debug|Any CPU.ActiveCfg = Debug|Any CPU
		{C2F2B77D-C1AB-4F90-A5F3-6D058617CF2E}.Debug|Any CPU.Build.0 = Debug|Any CPU
		{C2F2B77D-C1AB-4F90-A5F3-6D058617CF2E}.Release|Any CPU.ActiveCfg = Release|Any CPU
		{C2F2B77D-C1AB-4F90-A5F3-6D058617CF2E}.Release|Any CPU.Build.0 = Release|Any CPU
		{2D6EC9B2-E3A8-4DCB-BEE9-9C1C91D8B736}.Debug|Any CPU.ActiveCfg = Debug|Any CPU
		{2D6EC9B2-E3A8-4DCB-BEE9-9C1C91D8B736}.Debug|Any CPU.Build.0 = Debug|Any CPU
		{2D6EC9B2-E3A8-4DCB-BEE9-9C1C91D8B736}.Release|Any CPU.ActiveCfg = Release|Any CPU
		{2D6EC9B2-E3A8-4DCB-BEE9-9C1C91D8B736}.Release|Any CPU.Build.0 = Release|Any CPU
		{DA0D0087-FEFB-4E65-A901-8FB597FC86A0}.Debug|Any CPU.ActiveCfg = Debug|Any CPU
		{DA0D0087-FEFB-4E65-A901-8FB597FC86A0}.Debug|Any CPU.Build.0 = Debug|Any CPU
		{DA0D0087-FEFB-4E65-A901-8FB597FC86A0}.Release|Any CPU.ActiveCfg = Release|Any CPU
		{DA0D0087-FEFB-4E65-A901-8FB597FC86A0}.Release|Any CPU.Build.0 = Release|Any CPU
		{DADC3184-9472-4F3F-8DF0-FA0C930D5643}.Debug|Any CPU.ActiveCfg = Debug|Any CPU
		{DADC3184-9472-4F3F-8DF0-FA0C930D5643}.Debug|Any CPU.Build.0 = Debug|Any CPU
		{DADC3184-9472-4F3F-8DF0-FA0C930D5643}.Release|Any CPU.ActiveCfg = Release|Any CPU
		{DADC3184-9472-4F3F-8DF0-FA0C930D5643}.Release|Any CPU.Build.0 = Release|Any CPU
		{F2695F2F-2648-4212-9592-3D13B31292E7}.Debug|Any CPU.ActiveCfg = Debug|Any CPU
		{F2695F2F-2648-4212-9592-3D13B31292E7}.Debug|Any CPU.Build.0 = Debug|Any CPU
		{F2695F2F-2648-4212-9592-3D13B31292E7}.Release|Any CPU.ActiveCfg = Release|Any CPU
		{F2695F2F-2648-4212-9592-3D13B31292E7}.Release|Any CPU.Build.0 = Release|Any CPU
	EndGlobalSection
	GlobalSection(SolutionProperties) = preSolution
		HideSolutionNode = FALSE
	EndGlobalSection
	GlobalSection(ExtensibilityGlobals) = postSolution
		SolutionGuid = {A3BBFF64-B2F1-4C57-8FC4-26004CD78631}
	EndGlobalSection
EndGlobal
